
Microsoft Visual Studio Solution File, Format Version 12.00
# Visual Studio 2012
Project("{FAE04EC0-301F-11D3-BF4B-00C04F79EFBC}") = "IocStudy", "IocStudy\IocStudy.csproj", "{DF5F3DD0-4457-4900-9CDF-AE5E8CE69DD8}"
EndProject
Project("{FAE04EC0-301F-11D3-BF4B-00C04F79EFBC}") = "SpringMvc", "SpringMvc\SpringMvc.csproj", "{A6522566-051E-4D0A-A59D-6D7CFD31B86A}"
EndProject
Project("{FAE04EC0-301F-11D3-BF4B-00C04F79EFBC}") = "SpringMvc4", "SpringMvc4\SpringMvc4.csproj", "{44780A15-E982-49F1-AA73-41D86D0A1761}"
EndProject
Global
	GlobalSection(SolutionConfigurationPlatforms) = preSolution
		Debug|Any CPU = Debug|Any CPU
		Release|Any CPU = Release|Any CPU
	EndGlobalSection
	GlobalSection(ProjectConfigurationPlatforms) = postSolution
		{DF5F3DD0-4457-4900-9CDF-AE5E8CE69DD8}.Debug|Any CPU.ActiveCfg = Debug|Any CPU
		{DF5F3DD0-4457-4900-9CDF-AE5E8CE69DD8}.Debug|Any CPU.Build.0 = Debug|Any CPU
		{DF5F3DD0-4457-4900-9CDF-AE5E8CE69DD8}.Release|Any CPU.ActiveCfg = Release|Any CPU
		{DF5F3DD0-4457-4900-9CDF-AE5E8CE69DD8}.Release|Any CPU.Build.0 = Release|Any CPU
		{A6522566-051E-4D0A-A59D-6D7CFD31B86A}.Debug|Any CPU.ActiveCfg = Debug|Any CPU
		{A6522566-051E-4D0A-A59D-6D7CFD31B86A}.Debug|Any CPU.Build.0 = Debug|Any CPU
		{A6522566-051E-4D0A-A59D-6D7CFD31B86A}.Release|Any CPU.ActiveCfg = Release|Any CPU
		{A6522566-051E-4D0A-A59D-6D7CFD31B86A}.Release|Any CPU.Build.0 = Release|Any CPU
		{44780A15-E982-49F1-AA73-41D86D0A1761}.Debug|Any CPU.ActiveCfg = Debug|Any CPU
		{44780A15-E982-49F1-AA73-41D86D0A1761}.Debug|Any CPU.Build.0 = Debug|Any CPU
		{44780A15-E982-49F1-AA73-41D86D0A1761}.Release|Any CPU.ActiveCfg = Release|Any CPU
		{44780A15-E982-49F1-AA73-41D86D0A1761}.Release|Any CPU.Build.0 = Release|Any CPU
	EndGlobalSection
	GlobalSection(SolutionProperties) = preSolution
		HideSolutionNode = FALSE
	EndGlobalSection
EndGlobal
