
Microsoft Visual Studio Solution File, Format Version 12.00
# Visual Studio 2012
Project("{FAE04EC0-301F-11D3-BF4B-00C04F79EFBC}") = "Wings.Admin", "Wings.Admin\Wings.Admin.csproj", "{3C327EEF-737F-4D6D-9EA0-B109478DDC5B}"
EndProject
Project("{2150E333-8FDC-42A3-9474-1A3956D46DE8}") = "UI", "UI", "{56B88AD3-57C8-44F4-96F0-BD80098FCE69}"
EndProject
Project("{2150E333-8FDC-42A3-9474-1A3956D46DE8}") = "Foundation", "Foundation", "{4D4CDF36-9282-47EB-A622-3FED438D2E14}"
EndProject
Project("{FAE04EC0-301F-11D3-BF4B-00C04F79EFBC}") = "Wings.Framework", "Wings.Framework\Wings.Framework.csproj", "{F1C7EFE6-96F5-419E-AF73-117B844962EE}"
EndProject
Project("{2150E333-8FDC-42A3-9474-1A3956D46DE8}") = "Applaction", "Applaction", "{1618C7E6-F873-458B-B58F-26EED7E20EB0}"
EndProject
Project("{FAE04EC0-301F-11D3-BF4B-00C04F79EFBC}") = "Wings.Core", "Wings.Core\Wings.Core.csproj", "{9282DAAC-514E-4614-AFD7-69FE43D5EE13}"
EndProject
Project("{FAE04EC0-301F-11D3-BF4B-00C04F79EFBC}") = "Wings.Contracts", "Wings.Contracts\Wings.Contracts.csproj", "{0F693FA1-ECE4-4507-875A-217BF82B5F5D}"
EndProject
Project("{2150E333-8FDC-42A3-9474-1A3956D46DE8}") = "Plugins", "Plugins", "{9C62EDF4-E7AB-450C-BFF2-102556924CF2}"
EndProject
Project("{2150E333-8FDC-42A3-9474-1A3956D46DE8}") = "SOA", "SOA", "{6FF8EA29-B448-4E18-9DCC-11DBB0195350}"
EndProject
Project("{FAE04EC0-301F-11D3-BF4B-00C04F79EFBC}") = "Wings.Core.Test", "Wings.Core.Test\Wings.Core.Test.csproj", "{DB30FA79-0C23-44F3-B350-8CBFDAE3B9C5}"
EndProject
Project("{FAE04EC0-301F-11D3-BF4B-00C04F79EFBC}") = "Wings.Framework.Test", "Wings.Framework.Test\Wings.Framework.Test.csproj", "{191A9D44-ECDE-4D25-97FF-5916E1EBFBCA}"
EndProject
Project("{FAE04EC0-301F-11D3-BF4B-00C04F79EFBC}") = "Wings.Service.Test", "Wings.Service.Test\Wings.Service.Test.csproj", "{2412B248-6FF3-482A-AE6C-E5E084456AC5}"
EndProject
Project("{2150E333-8FDC-42A3-9474-1A3956D46DE8}") = "UnitTest", "UnitTest", "{65BB96E7-3233-40C4-BDF7-1BE14AEAA075}"
EndProject
Project("{FAE04EC0-301F-11D3-BF4B-00C04F79EFBC}") = "Wings.Plugin.Blog", "Wings.Plugin.Blog\Wings.Plugin.Blog.csproj", "{BE5558B3-8884-4DAD-B781-73757599ED4A}"
EndProject
Project("{FAE04EC0-301F-11D3-BF4B-00C04F79EFBC}") = "Wings.Plugin.MobileApp", "Wings.Plugin.MobileApp\Wings.Plugin.MobileApp.csproj", "{38C4EE1A-5444-4C7E-8CF3-9FF7B09A1602}"
EndProject
Project("{2150E333-8FDC-42A3-9474-1A3956D46DE8}") = "Document", "Document", "{71C93204-119D-410F-AEA4-5F80BDF75B31}"
EndProject
Project("{FAE04EC0-301F-11D3-BF4B-00C04F79EFBC}") = "Wings.Domain", "Wings.Domain\Wings.Domain.csproj", "{6E9C05D0-4DC6-4C41-B328-11896F9F3372}"
EndProject
Project("{2150E333-8FDC-42A3-9474-1A3956D46DE8}") = "Domain", "Domain", "{82A0CF3D-4AFA-4BA0-9284-C8D9362CBFB4}"
EndProject
Project("{FAE04EC0-301F-11D3-BF4B-00C04F79EFBC}") = "Wings.Domain.Repositories", "Wings.Domain.Repositories\Wings.Domain.Repositories.csproj", "{2AD11A78-5884-4B1D-B838-23D3ECA1DFD2}"
EndProject
Project("{FAE04EC0-301F-11D3-BF4B-00C04F79EFBC}") = "Wings.DataObjects", "Wings.DataObjects\Wings.DataObjects.csproj", "{3DF43631-1248-4456-AF83-7C08100BA289}"
EndProject
Project("{F088123C-0E9E-452A-89E6-6BA2F21D5CAC}") = "Wings.Design", "Wings.Design\Wings.Design.modelproj", "{C0AF7774-14D6-48E8-9DF1-03B3F0877986}"
EndProject
Project("{FAE04EC0-301F-11D3-BF4B-00C04F79EFBC}") = "Wings.Repository.Test", "Wings.Repository.Test\Wings.Repository.Test.csproj", "{8FE395FB-937B-4C2F-97E9-311B1D247AE4}"
EndProject
Project("{FAE04EC0-301F-11D3-BF4B-00C04F79EFBC}") = "Wings.SOAService", "Wings.SOAService\Wings.SOAService.csproj", "{0A3CE4F9-A4BB-439C-8215-E8D6D7505024}"
EndProject
Project("{FAE04EC0-301F-11D3-BF4B-00C04F79EFBC}") = "Wings.Events.Handlers", "Wings.Events.Handlers\Wings.Events.Handlers.csproj", "{57D8747C-B292-4277-A006-80F2C9786E56}"
EndProject
Global
	GlobalSection(SolutionConfigurationPlatforms) = preSolution
		Debug|Any CPU = Debug|Any CPU
		Release|Any CPU = Release|Any CPU
	EndGlobalSection
	GlobalSection(ProjectConfigurationPlatforms) = postSolution
		{3C327EEF-737F-4D6D-9EA0-B109478DDC5B}.Debug|Any CPU.ActiveCfg = Debug|Any CPU
		{3C327EEF-737F-4D6D-9EA0-B109478DDC5B}.Debug|Any CPU.Build.0 = Debug|Any CPU
		{3C327EEF-737F-4D6D-9EA0-B109478DDC5B}.Release|Any CPU.ActiveCfg = Release|Any CPU
		{3C327EEF-737F-4D6D-9EA0-B109478DDC5B}.Release|Any CPU.Build.0 = Release|Any CPU
		{F1C7EFE6-96F5-419E-AF73-117B844962EE}.Debug|Any CPU.ActiveCfg = Debug|Any CPU
		{F1C7EFE6-96F5-419E-AF73-117B844962EE}.Debug|Any CPU.Build.0 = Debug|Any CPU
		{F1C7EFE6-96F5-419E-AF73-117B844962EE}.Release|Any CPU.ActiveCfg = Release|Any CPU
		{F1C7EFE6-96F5-419E-AF73-117B844962EE}.Release|Any CPU.Build.0 = Release|Any CPU
		{9282DAAC-514E-4614-AFD7-69FE43D5EE13}.Debug|Any CPU.ActiveCfg = Debug|Any CPU
		{9282DAAC-514E-4614-AFD7-69FE43D5EE13}.Debug|Any CPU.Build.0 = Debug|Any CPU
		{9282DAAC-514E-4614-AFD7-69FE43D5EE13}.Release|Any CPU.ActiveCfg = Release|Any CPU
		{9282DAAC-514E-4614-AFD7-69FE43D5EE13}.Release|Any CPU.Build.0 = Release|Any CPU
		{0F693FA1-ECE4-4507-875A-217BF82B5F5D}.Debug|Any CPU.ActiveCfg = Debug|Any CPU
		{0F693FA1-ECE4-4507-875A-217BF82B5F5D}.Debug|Any CPU.Build.0 = Debug|Any CPU
		{0F693FA1-ECE4-4507-875A-217BF82B5F5D}.Release|Any CPU.ActiveCfg = Release|Any CPU
		{0F693FA1-ECE4-4507-875A-217BF82B5F5D}.Release|Any CPU.Build.0 = Release|Any CPU
		{DB30FA79-0C23-44F3-B350-8CBFDAE3B9C5}.Debug|Any CPU.ActiveCfg = Debug|Any CPU
		{DB30FA79-0C23-44F3-B350-8CBFDAE3B9C5}.Debug|Any CPU.Build.0 = Debug|Any CPU
		{DB30FA79-0C23-44F3-B350-8CBFDAE3B9C5}.Release|Any CPU.ActiveCfg = Release|Any CPU
		{DB30FA79-0C23-44F3-B350-8CBFDAE3B9C5}.Release|Any CPU.Build.0 = Release|Any CPU
		{191A9D44-ECDE-4D25-97FF-5916E1EBFBCA}.Debug|Any CPU.ActiveCfg = Debug|Any CPU
		{191A9D44-ECDE-4D25-97FF-5916E1EBFBCA}.Debug|Any CPU.Build.0 = Debug|Any CPU
		{191A9D44-ECDE-4D25-97FF-5916E1EBFBCA}.Release|Any CPU.ActiveCfg = Release|Any CPU
		{191A9D44-ECDE-4D25-97FF-5916E1EBFBCA}.Release|Any CPU.Build.0 = Release|Any CPU
		{2412B248-6FF3-482A-AE6C-E5E084456AC5}.Debug|Any CPU.ActiveCfg = Debug|Any CPU
		{2412B248-6FF3-482A-AE6C-E5E084456AC5}.Debug|Any CPU.Build.0 = Debug|Any CPU
		{2412B248-6FF3-482A-AE6C-E5E084456AC5}.Release|Any CPU.ActiveCfg = Release|Any CPU
		{2412B248-6FF3-482A-AE6C-E5E084456AC5}.Release|Any CPU.Build.0 = Release|Any CPU
		{BE5558B3-8884-4DAD-B781-73757599ED4A}.Debug|Any CPU.ActiveCfg = Debug|Any CPU
		{BE5558B3-8884-4DAD-B781-73757599ED4A}.Debug|Any CPU.Build.0 = Debug|Any CPU
		{BE5558B3-8884-4DAD-B781-73757599ED4A}.Release|Any CPU.ActiveCfg = Release|Any CPU
		{BE5558B3-8884-4DAD-B781-73757599ED4A}.Release|Any CPU.Build.0 = Release|Any CPU
		{38C4EE1A-5444-4C7E-8CF3-9FF7B09A1602}.Debug|Any CPU.ActiveCfg = Debug|Any CPU
		{38C4EE1A-5444-4C7E-8CF3-9FF7B09A1602}.Debug|Any CPU.Build.0 = Debug|Any CPU
		{38C4EE1A-5444-4C7E-8CF3-9FF7B09A1602}.Release|Any CPU.ActiveCfg = Release|Any CPU
		{38C4EE1A-5444-4C7E-8CF3-9FF7B09A1602}.Release|Any CPU.Build.0 = Release|Any CPU
		{6E9C05D0-4DC6-4C41-B328-11896F9F3372}.Debug|Any CPU.ActiveCfg = Debug|Any CPU
		{6E9C05D0-4DC6-4C41-B328-11896F9F3372}.Debug|Any CPU.Build.0 = Debug|Any CPU
		{6E9C05D0-4DC6-4C41-B328-11896F9F3372}.Release|Any CPU.ActiveCfg = Release|Any CPU
		{6E9C05D0-4DC6-4C41-B328-11896F9F3372}.Release|Any CPU.Build.0 = Release|Any CPU
		{2AD11A78-5884-4B1D-B838-23D3ECA1DFD2}.Debug|Any CPU.ActiveCfg = Debug|Any CPU
		{2AD11A78-5884-4B1D-B838-23D3ECA1DFD2}.Debug|Any CPU.Build.0 = Debug|Any CPU
		{2AD11A78-5884-4B1D-B838-23D3ECA1DFD2}.Release|Any CPU.ActiveCfg = Release|Any CPU
		{2AD11A78-5884-4B1D-B838-23D3ECA1DFD2}.Release|Any CPU.Build.0 = Release|Any CPU
		{3DF43631-1248-4456-AF83-7C08100BA289}.Debug|Any CPU.ActiveCfg = Debug|Any CPU
		{3DF43631-1248-4456-AF83-7C08100BA289}.Debug|Any CPU.Build.0 = Debug|Any CPU
		{3DF43631-1248-4456-AF83-7C08100BA289}.Release|Any CPU.ActiveCfg = Release|Any CPU
		{3DF43631-1248-4456-AF83-7C08100BA289}.Release|Any CPU.Build.0 = Release|Any CPU
		{C0AF7774-14D6-48E8-9DF1-03B3F0877986}.Debug|Any CPU.ActiveCfg = Debug|Any CPU
		{C0AF7774-14D6-48E8-9DF1-03B3F0877986}.Debug|Any CPU.Build.0 = Debug|Any CPU
		{C0AF7774-14D6-48E8-9DF1-03B3F0877986}.Release|Any CPU.ActiveCfg = Release|Any CPU
		{C0AF7774-14D6-48E8-9DF1-03B3F0877986}.Release|Any CPU.Build.0 = Release|Any CPU
		{8FE395FB-937B-4C2F-97E9-311B1D247AE4}.Debug|Any CPU.ActiveCfg = Debug|Any CPU
		{8FE395FB-937B-4C2F-97E9-311B1D247AE4}.Debug|Any CPU.Build.0 = Debug|Any CPU
		{8FE395FB-937B-4C2F-97E9-311B1D247AE4}.Release|Any CPU.ActiveCfg = Release|Any CPU
		{8FE395FB-937B-4C2F-97E9-311B1D247AE4}.Release|Any CPU.Build.0 = Release|Any CPU
		{0A3CE4F9-A4BB-439C-8215-E8D6D7505024}.Debug|Any CPU.ActiveCfg = Debug|Any CPU
		{0A3CE4F9-A4BB-439C-8215-E8D6D7505024}.Debug|Any CPU.Build.0 = Debug|Any CPU
		{0A3CE4F9-A4BB-439C-8215-E8D6D7505024}.Release|Any CPU.ActiveCfg = Release|Any CPU
		{0A3CE4F9-A4BB-439C-8215-E8D6D7505024}.Release|Any CPU.Build.0 = Release|Any CPU
		{57D8747C-B292-4277-A006-80F2C9786E56}.Debug|Any CPU.ActiveCfg = Debug|Any CPU
		{57D8747C-B292-4277-A006-80F2C9786E56}.Debug|Any CPU.Build.0 = Debug|Any CPU
		{57D8747C-B292-4277-A006-80F2C9786E56}.Release|Any CPU.ActiveCfg = Release|Any CPU
		{57D8747C-B292-4277-A006-80F2C9786E56}.Release|Any CPU.Build.0 = Release|Any CPU
	EndGlobalSection
	GlobalSection(SolutionProperties) = preSolution
		HideSolutionNode = FALSE
	EndGlobalSection
	GlobalSection(NestedProjects) = preSolution
		{3C327EEF-737F-4D6D-9EA0-B109478DDC5B} = {56B88AD3-57C8-44F4-96F0-BD80098FCE69}
		{F1C7EFE6-96F5-419E-AF73-117B844962EE} = {4D4CDF36-9282-47EB-A622-3FED438D2E14}
		{3DF43631-1248-4456-AF83-7C08100BA289} = {4D4CDF36-9282-47EB-A622-3FED438D2E14}
		{57D8747C-B292-4277-A006-80F2C9786E56} = {4D4CDF36-9282-47EB-A622-3FED438D2E14}
		{9282DAAC-514E-4614-AFD7-69FE43D5EE13} = {1618C7E6-F873-458B-B58F-26EED7E20EB0}
		{0F693FA1-ECE4-4507-875A-217BF82B5F5D} = {6FF8EA29-B448-4E18-9DCC-11DBB0195350}
		{0A3CE4F9-A4BB-439C-8215-E8D6D7505024} = {6FF8EA29-B448-4E18-9DCC-11DBB0195350}
		{BE5558B3-8884-4DAD-B781-73757599ED4A} = {9C62EDF4-E7AB-450C-BFF2-102556924CF2}
		{38C4EE1A-5444-4C7E-8CF3-9FF7B09A1602} = {9C62EDF4-E7AB-450C-BFF2-102556924CF2}
		{191A9D44-ECDE-4D25-97FF-5916E1EBFBCA} = {65BB96E7-3233-40C4-BDF7-1BE14AEAA075}
		{2412B248-6FF3-482A-AE6C-E5E084456AC5} = {65BB96E7-3233-40C4-BDF7-1BE14AEAA075}
		{DB30FA79-0C23-44F3-B350-8CBFDAE3B9C5} = {65BB96E7-3233-40C4-BDF7-1BE14AEAA075}
		{8FE395FB-937B-4C2F-97E9-311B1D247AE4} = {65BB96E7-3233-40C4-BDF7-1BE14AEAA075}
		{6E9C05D0-4DC6-4C41-B328-11896F9F3372} = {82A0CF3D-4AFA-4BA0-9284-C8D9362CBFB4}
		{2AD11A78-5884-4B1D-B838-23D3ECA1DFD2} = {82A0CF3D-4AFA-4BA0-9284-C8D9362CBFB4}
	EndGlobalSection
	GlobalSection(ExtensibilityGlobals) = postSolution
		EnterpriseLibraryConfigurationToolBinariesPath = packages\Unity.2.1.505.2\lib\NET35;packages\Unity.Interception.2.1.505.2\lib\NET35;packages\EnterpriseLibrary.Common.5.0.505.0\lib\NET35;packages\EnterpriseLibrary.Security.Cryptography.5.0.505.0\lib\NET35
		EnterpriseLibraryConfigurationToolBinariesPathV6 = packages\EnterpriseLibrary.Common.6.0.1304.0\lib\NET45
	EndGlobalSection
EndGlobal
